// !$*UTF8*$!
{
	archiveVersion = 1;
	classes = {
	};
	objectVersion = 56;
	objects = {

/* Begin PBXBuildFile section */
		621A883D2AF9A47600C582AA /* Question.swift in Sources */ = {isa = PBXBuildFile; fileRef = 621A883C2AF9A47600C582AA /* Question.swift */; };
		621A883F2AF9B88000C582AA /* PerformanceViewController.swift in Sources */ = {isa = PBXBuildFile; fileRef = 621A883E2AF9B88000C582AA /* PerformanceViewController.swift */; };
		621A88442AF9C0E500C582AA /* UIColor+.swift in Sources */ = {isa = PBXBuildFile; fileRef = 621A88432AF9C0E500C582AA /* UIColor+.swift */; };
		62D044BB2AF5C21F00DEBF5D /* AppDelegate.swift in Sources */ = {isa = PBXBuildFile; fileRef = 62D044BA2AF5C21F00DEBF5D /* AppDelegate.swift */; };
		62D044BD2AF5C21F00DEBF5D /* SceneDelegate.swift in Sources */ = {isa = PBXBuildFile; fileRef = 62D044BC2AF5C21F00DEBF5D /* SceneDelegate.swift */; };
		62D044BF2AF5C21F00DEBF5D /* ViewController.swift in Sources */ = {isa = PBXBuildFile; fileRef = 62D044BE2AF5C21F00DEBF5D /* ViewController.swift */; };
		62D044C22AF5C21F00DEBF5D /* Main.storyboard in Resources */ = {isa = PBXBuildFile; fileRef = 62D044C02AF5C21F00DEBF5D /* Main.storyboard */; };
		62D044C42AF5C22000DEBF5D /* Assets.xcassets in Resources */ = {isa = PBXBuildFile; fileRef = 62D044C32AF5C22000DEBF5D /* Assets.xcassets */; };
		62D044C72AF5C22000DEBF5D /* LaunchScreen.storyboard in Resources */ = {isa = PBXBuildFile; fileRef = 62D044C52AF5C22000DEBF5D /* LaunchScreen.storyboard */; };
		62D044CF2AF5CD9900DEBF5D /* QuestionViewController.swift in Sources */ = {isa = PBXBuildFile; fileRef = 62D044CE2AF5CD9900DEBF5D /* QuestionViewController.swift */; };
/* End PBXBuildFile section */

/* Begin PBXFileReference section */
		621A883C2AF9A47600C582AA /* Question.swift */ = {isa = PBXFileReference; lastKnownFileType = sourcecode.swift; path = Question.swift; sourceTree = "<group>"; };
		621A883E2AF9B88000C582AA /* PerformanceViewController.swift */ = {isa = PBXFileReference; lastKnownFileType = sourcecode.swift; path = PerformanceViewController.swift; sourceTree = "<group>"; };
		621A88432AF9C0E500C582AA /* UIColor+.swift */ = {isa = PBXFileReference; lastKnownFileType = sourcecode.swift; path = "UIColor+.swift"; sourceTree = "<group>"; };
		62D044B72AF5C21F00DEBF5D /* iQuiz.app */ = {isa = PBXFileReference; explicitFileType = wrapper.application; includeInIndex = 0; path = iQuiz.app; sourceTree = BUILT_PRODUCTS_DIR; };
		62D044BA2AF5C21F00DEBF5D /* AppDelegate.swift */ = {isa = PBXFileReference; lastKnownFileType = sourcecode.swift; path = AppDelegate.swift; sourceTree = "<group>"; };
		62D044BC2AF5C21F00DEBF5D /* SceneDelegate.swift */ = {isa = PBXFileReference; lastKnownFileType = sourcecode.swift; path = SceneDelegate.swift; sourceTree = "<group>"; };
		62D044BE2AF5C21F00DEBF5D /* ViewController.swift */ = {isa = PBXFileReference; lastKnownFileType = sourcecode.swift; path = ViewController.swift; sourceTree = "<group>"; };
		62D044C12AF5C21F00DEBF5D /* Base */ = {isa = PBXFileReference; lastKnownFileType = file.storyboard; name = Base; path = Base.lproj/Main.storyboard; sourceTree = "<group>"; };
		62D044C32AF5C22000DEBF5D /* Assets.xcassets */ = {isa = PBXFileReference; lastKnownFileType = folder.assetcatalog; path = Assets.xcassets; sourceTree = "<group>"; };
		62D044C62AF5C22000DEBF5D /* Base */ = {isa = PBXFileReference; lastKnownFileType = file.storyboard; name = Base; path = Base.lproj/LaunchScreen.storyboard; sourceTree = "<group>"; };
		62D044C82AF5C22000DEBF5D /* Info.plist */ = {isa = PBXFileReference; lastKnownFileType = text.plist.xml; path = Info.plist; sourceTree = "<group>"; };
		62D044CE2AF5CD9900DEBF5D /* QuestionViewController.swift */ = {isa = PBXFileReference; lastKnownFileType = sourcecode.swift; path = QuestionViewController.swift; sourceTree = "<group>"; };
/* End PBXFileReference section */

/* Begin PBXFrameworksBuildPhase section */
		62D044B42AF5C21F00DEBF5D /* Frameworks */ = {
			isa = PBXFrameworksBuildPhase;
			buildActionMask = 2147483647;
			files = (
			);
			runOnlyForDeploymentPostprocessing = 0;
		};
/* End PBXFrameworksBuildPhase section */

/* Begin PBXGroup section */
		621A88402AF9C03800C582AA /* ViewController */ = {
			isa = PBXGroup;
			children = (
				621A883E2AF9B88000C582AA /* PerformanceViewController.swift */,
				62D044CE2AF5CD9900DEBF5D /* QuestionViewController.swift */,
				62D044BE2AF5C21F00DEBF5D /* ViewController.swift */,
			);
			path = ViewController;
			sourceTree = "<group>";
		};
		621A88412AF9C07F00C582AA /* Models */ = {
			isa = PBXGroup;
			children = (
				621A883C2AF9A47600C582AA /* Question.swift */,
			);
			path = Models;
			sourceTree = "<group>";
		};
		621A88422AF9C0CC00C582AA /* Extensions */ = {
			isa = PBXGroup;
			children = (
				621A88432AF9C0E500C582AA /* UIColor+.swift */,
			);
			path = Extensions;
			sourceTree = "<group>";
		};
		62D044AE2AF5C21E00DEBF5D = {
			isa = PBXGroup;
			children = (
				62D044B92AF5C21F00DEBF5D /* iQuiz */,
				62D044B82AF5C21F00DEBF5D /* Products */,
			);
			sourceTree = "<group>";
		};
		62D044B82AF5C21F00DEBF5D /* Products */ = {
			isa = PBXGroup;
			children = (
				62D044B72AF5C21F00DEBF5D /* iQuiz.app */,
			);
			name = Products;
			sourceTree = "<group>";
		};
		62D044B92AF5C21F00DEBF5D /* iQuiz */ = {
			isa = PBXGroup;
			children = (
				621A88422AF9C0CC00C582AA /* Extensions */,
				621A88412AF9C07F00C582AA /* Models */,
				621A88402AF9C03800C582AA /* ViewController */,
				62D044BA2AF5C21F00DEBF5D /* AppDelegate.swift */,
				62D044BC2AF5C21F00DEBF5D /* SceneDelegate.swift */,
				62D044C02AF5C21F00DEBF5D /* Main.storyboard */,
				62D044C32AF5C22000DEBF5D /* Assets.xcassets */,
				62D044C52AF5C22000DEBF5D /* LaunchScreen.storyboard */,
				62D044C82AF5C22000DEBF5D /* Info.plist */,
			);
			path = iQuiz;
			sourceTree = "<group>";
		};
/* End PBXGroup section */

/* Begin PBXNativeTarget section */
		62D044B62AF5C21F00DEBF5D /* iQuiz */ = {
			isa = PBXNativeTarget;
			buildConfigurationList = 62D044CB2AF5C22000DEBF5D /* Build configuration list for PBXNativeTarget "iQuiz" */;
			buildPhases = (
				62D044B32AF5C21F00DEBF5D /* Sources */,
				62D044B42AF5C21F00DEBF5D /* Frameworks */,
				62D044B52AF5C21F00DEBF5D /* Resources */,
			);
			buildRules = (
			);
			dependencies = (
			);
			name = iQuiz;
			productName = iQuiz;
			productReference = 62D044B72AF5C21F00DEBF5D /* iQuiz.app */;
			productType = "com.apple.product-type.application";
		};
/* End PBXNativeTarget section */

/* Begin PBXProject section */
		62D044AF2AF5C21E00DEBF5D /* Project object */ = {
			isa = PBXProject;
			attributes = {
				BuildIndependentTargetsInParallel = 1;
				LastSwiftUpdateCheck = 1500;
				LastUpgradeCheck = 1500;
				TargetAttributes = {
					62D044B62AF5C21F00DEBF5D = {
						CreatedOnToolsVersion = 15.0;
					};
				};
			};
			buildConfigurationList = 62D044B22AF5C21E00DEBF5D /* Build configuration list for PBXProject "iQuiz" */;
			compatibilityVersion = "Xcode 14.0";
			developmentRegion = en;
			hasScannedForEncodings = 0;
			knownRegions = (
				en,
				Base,
			);
			mainGroup = 62D044AE2AF5C21E00DEBF5D;
			productRefGroup = 62D044B82AF5C21F00DEBF5D /* Products */;
			projectDirPath = "";
			projectRoot = "";
			targets = (
				62D044B62AF5C21F00DEBF5D /* iQuiz */,
			);
		};
/* End PBXProject section */

/* Begin PBXResourcesBuildPhase section */
		62D044B52AF5C21F00DEBF5D /* Resources */ = {
			isa = PBXResourcesBuildPhase;
			buildActionMask = 2147483647;
			files = (
				62D044C72AF5C22000DEBF5D /* LaunchScreen.storyboard in Resources */,
				62D044C42AF5C22000DEBF5D /* Assets.xcassets in Resources */,
				62D044C22AF5C21F00DEBF5D /* Main.storyboard in Resources */,
			);
			runOnlyForDeploymentPostprocessing = 0;
		};
/* End PBXResourcesBuildPhase section */

/* Begin PBXSourcesBuildPhase section */
		62D044B32AF5C21F00DEBF5D /* Sources */ = {
			isa = PBXSourcesBuildPhase;
			buildActionMask = 2147483647;
			files = (
				621A883D2AF9A47600C582AA /* Question.swift in Sources */,
				62D044BF2AF5C21F00DEBF5D /* ViewController.swift in Sources */,
				62D044BB2AF5C21F00DEBF5D /* AppDelegate.swift in Sources */,
				62D044CF2AF5CD9900DEBF5D /* QuestionViewController.swift in Sources */,
				62D044BD2AF5C21F00DEBF5D /* SceneDelegate.swift in Sources */,
				621A883F2AF9B88000C582AA /* PerformanceViewController.swift in Sources */,
				621A88442AF9C0E500C582AA /* UIColor+.swift in Sources */,
			);
			runOnlyForDeploymentPostprocessing = 0;
		};
/* End PBXSourcesBuildPhase section */

/* Begin PBXVariantGroup section */
		62D044C02AF5C21F00DEBF5D /* Main.storyboard */ = {
			isa = PBXVariantGroup;
			children = (
				62D044C12AF5C21F00DEBF5D /* Base */,
			);
			name = Main.storyboard;
			sourceTree = "<group>";
		};
		62D044C52AF5C22000DEBF5D /* LaunchScreen.storyboard */ = {
			isa = PBXVariantGroup;
			children = (
				62D044C62AF5C22000DEBF5D /* Base */,
			);
			name = LaunchScreen.storyboard;
			sourceTree = "<group>";
		};
/* End PBXVariantGroup section */

/* Begin XCBuildConfiguration section */
		62D044C92AF5C22000DEBF5D /* Debug */ = {
			isa = XCBuildConfiguration;
			buildSettings = {
				ALWAYS_SEARCH_USER_PATHS = NO;
				ASSETCATALOG_COMPILER_GENERATE_SWIFT_ASSET_SYMBOL_EXTENSIONS = YES;
				CLANG_ANALYZER_NONNULL = YES;
				CLANG_ANALYZER_NUMBER_OBJECT_CONVERSION = YES_AGGRESSIVE;
				CLANG_CXX_LANGUAGE_STANDARD = "gnu++20";
				CLANG_ENABLE_MODULES = YES;
				CLANG_ENABLE_OBJC_ARC = YES;
				CLANG_ENABLE_OBJC_WEAK = YES;
				CLANG_WARN_BLOCK_CAPTURE_AUTORELEASING = YES;
				CLANG_WARN_BOOL_CONVERSION = YES;
				CLANG_WARN_COMMA = YES;
				CLANG_WARN_CONSTANT_CONVERSION = YES;
				CLANG_WARN_DEPRECATED_OBJC_IMPLEMENTATIONS = YES;
				CLANG_WARN_DIRECT_OBJC_ISA_USAGE = YES_ERROR;
				CLANG_WARN_DOCUMENTATION_COMMENTS = YES;
				CLANG_WARN_EMPTY_BODY = YES;
				CLANG_WARN_ENUM_CONVERSION = YES;
				CLANG_WARN_INFINITE_RECURSION = YES;
				CLANG_WARN_INT_CONVERSION = YES;
				CLANG_WARN_NON_LITERAL_NULL_CONVERSION = YES;
				CLANG_WARN_OBJC_IMPLICIT_RETAIN_SELF = YES;
				CLANG_WARN_OBJC_LITERAL_CONVERSION = YES;
				CLANG_WARN_OBJC_ROOT_CLASS = YES_ERROR;
				CLANG_WARN_QUOTED_INCLUDE_IN_FRAMEWORK_HEADER = YES;
				CLANG_WARN_RANGE_LOOP_ANALYSIS = YES;
				CLANG_WARN_STRICT_PROTOTYPES = YES;
				CLANG_WARN_SUSPICIOUS_MOVE = YES;
				CLANG_WARN_UNGUARDED_AVAILABILITY = YES_AGGRESSIVE;
				CLANG_WARN_UNREACHABLE_CODE = YES;
				CLANG_WARN__DUPLICATE_METHOD_MATCH = YES;
				COPY_PHASE_STRIP = NO;
				DEBUG_INFORMATION_FORMAT = dwarf;
				ENABLE_STRICT_OBJC_MSGSEND = YES;
				ENABLE_TESTABILITY = YES;
				ENABLE_USER_SCRIPT_SANDBOXING = YES;
				GCC_C_LANGUAGE_STANDARD = gnu17;
				GCC_DYNAMIC_NO_PIC = NO;
				GCC_NO_COMMON_BLOCKS = YES;
				GCC_OPTIMIZATION_LEVEL = 0;
				GCC_PREPROCESSOR_DEFINITIONS = (
					"DEBUG=1",
					"$(inherited)",
				);
				GCC_WARN_64_TO_32_BIT_CONVERSION = YES;
				GCC_WARN_ABOUT_RETURN_TYPE = YES_ERROR;
				GCC_WARN_UNDECLARED_SELECTOR = YES;
				GCC_WARN_UNINITIALIZED_AUTOS = YES_AGGRESSIVE;
				GCC_WARN_UNUSED_FUNCTION = YES;
				GCC_WARN_UNUSED_VARIABLE = YES;
				IPHONEOS_DEPLOYMENT_TARGET = 17.0;
				LOCALIZATION_PREFERS_STRING_CATALOGS = YES;
				MTL_ENABLE_DEBUG_INFO = INCLUDE_SOURCE;
				MTL_FAST_MATH = YES;
				ONLY_ACTIVE_ARCH = YES;
				SDKROOT = iphoneos;
				SWIFT_ACTIVE_COMPILATION_CONDITIONS = "DEBUG $(inherited)";
				SWIFT_OPTIMIZATION_LEVEL = "-Onone";
			};
			name = Debug;
		};
		62D044CA2AF5C22000DEBF5D /* Release */ = {
			isa = XCBuildConfiguration;
			buildSettings = {
				ALWAYS_SEARCH_USER_PATHS = NO;
				ASSETCATALOG_COMPILER_GENERATE_SWIFT_ASSET_SYMBOL_EXTENSIONS = YES;
				CLANG_ANALYZER_NONNULL = YES;
				CLANG_ANALYZER_NUMBER_OBJECT_CONVERSION = YES_AGGRESSIVE;
				CLANG_CXX_LANGUAGE_STANDARD = "gnu++20";
				CLANG_ENABLE_MODULES = YES;
				CLANG_ENABLE_OBJC_ARC = YES;
				CLANG_ENABLE_OBJC_WEAK = YES;
				CLANG_WARN_BLOCK_CAPTURE_AUTORELEASING = YES;
				CLANG_WARN_BOOL_CONVERSION = YES;
				CLANG_WARN_COMMA = YES;
				CLANG_WARN_CONSTANT_CONVERSION = YES;
				CLANG_WARN_DEPRECATED_OBJC_IMPLEMENTATIONS = YES;
				CLANG_WARN_DIRECT_OBJC_ISA_USAGE = YES_ERROR;
				CLANG_WARN_DOCUMENTATION_COMMENTS = YES;
				CLANG_WARN_EMPTY_BODY = YES;
				CLANG_WARN_ENUM_CONVERSION = YES;
				CLANG_WARN_INFINITE_RECURSION = YES;
				CLANG_WARN_INT_CONVERSION = YES;
				CLANG_WARN_NON_LITERAL_NULL_CONVERSION = YES;
				CLANG_WARN_OBJC_IMPLICIT_RETAIN_SELF = YES;
				CLANG_WARN_OBJC_LITERAL_CONVERSION = YES;
				CLANG_WARN_OBJC_ROOT_CLASS = YES_ERROR;
				CLANG_WARN_QUOTED_INCLUDE_IN_FRAMEWORK_HEADER = YES;
				CLANG_WARN_RANGE_LOOP_ANALYSIS = YES;
				CLANG_WARN_STRICT_PROTOTYPES = YES;
				CLANG_WARN_SUSPICIOUS_MOVE = YES;
				CLANG_WARN_UNGUARDED_AVAILABILITY = YES_AGGRESSIVE;
				CLANG_WARN_UNREACHABLE_CODE = YES;
				CLANG_WARN__DUPLICATE_METHOD_MATCH = YES;
				COPY_PHASE_STRIP = NO;
				DEBUG_INFORMATION_FORMAT = "dwarf-with-dsym";
				ENABLE_NS_ASSERTIONS = NO;
				ENABLE_STRICT_OBJC_MSGSEND = YES;
				ENABLE_USER_SCRIPT_SANDBOXING = YES;
				GCC_C_LANGUAGE_STANDARD = gnu17;
				GCC_NO_COMMON_BLOCKS = YES;
				GCC_WARN_64_TO_32_BIT_CONVERSION = YES;
				GCC_WARN_ABOUT_RETURN_TYPE = YES_ERROR;
				GCC_WARN_UNDECLARED_SELECTOR = YES;
				GCC_WARN_UNINITIALIZED_AUTOS = YES_AGGRESSIVE;
				GCC_WARN_UNUSED_FUNCTION = YES;
				GCC_WARN_UNUSED_VARIABLE = YES;
				IPHONEOS_DEPLOYMENT_TARGET = 17.0;
				LOCALIZATION_PREFERS_STRING_CATALOGS = YES;
				MTL_ENABLE_DEBUG_INFO = NO;
				MTL_FAST_MATH = YES;
				SDKROOT = iphoneos;
				SWIFT_COMPILATION_MODE = wholemodule;
				VALIDATE_PRODUCT = YES;
			};
			name = Release;
		};
		62D044CC2AF5C22000DEBF5D /* Debug */ = {
			isa = XCBuildConfiguration;
			buildSettings = {
				ASSETCATALOG_COMPILER_APPICON_NAME = AppIcon;
				ASSETCATALOG_COMPILER_GLOBAL_ACCENT_COLOR_NAME = AccentColor;
				CODE_SIGN_STYLE = Automatic;
				CURRENT_PROJECT_VERSION = 1;
				DEVELOPMENT_TEAM = 2Y3ZT245ST;
				GENERATE_INFOPLIST_FILE = YES;
				INFOPLIST_FILE = iQuiz/Info.plist;
				INFOPLIST_KEY_UIApplicationSupportsIndirectInputEvents = YES;
				INFOPLIST_KEY_UILaunchStoryboardName = LaunchScreen;
				INFOPLIST_KEY_UIMainStoryboardFile = Main;
				INFOPLIST_KEY_UISupportedInterfaceOrientations_iPad = "UIInterfaceOrientationPortrait UIInterfaceOrientationPortraitUpsideDown UIInterfaceOrientationLandscapeLeft UIInterfaceOrientationLandscapeRight";
				INFOPLIST_KEY_UISupportedInterfaceOrientations_iPhone = "UIInterfaceOrientationPortrait UIInterfaceOrientationLandscapeLeft UIInterfaceOrientationLandscapeRight";
				IPHONEOS_DEPLOYMENT_TARGET = 15.0;
				LD_RUNPATH_SEARCH_PATHS = (
					"$(inherited)",
					"@executable_path/Frameworks",
				);
				MARKETING_VERSION = 1.0;
				PRODUCT_BUNDLE_IDENTIFIER = br.com.lucas.iQuiz;
				PRODUCT_NAME = "$(TARGET_NAME)";
				SWIFT_EMIT_LOC_STRINGS = YES;
				SWIFT_VERSION = 5.0;
				TARGETED_DEVICE_FAMILY = "1,2";
			};
			name = Debug;
		};
		62D044CD2AF5C22000DEBF5D /* Release */ = {
			isa = XCBuildConfiguration;
			buildSettings = {
				ASSETCATALOG_COMPILER_APPICON_NAME = AppIcon;
				ASSETCATALOG_COMPILER_GLOBAL_ACCENT_COLOR_NAME = AccentColor;
				CODE_SIGN_STYLE = Automatic;
				CURRENT_PROJECT_VERSION = 1;
				DEVELOPMENT_TEAM = 2Y3ZT245ST;
				GENERATE_INFOPLIST_FILE = YES;
				INFOPLIST_FILE = iQuiz/Info.plist;
				INFOPLIST_KEY_UIApplicationSupportsIndirectInputEvents = YES;
				INFOPLIST_KEY_UILaunchStoryboardName = LaunchScreen;
				INFOPLIST_KEY_UIMainStoryboardFile = Main;
				INFOPLIST_KEY_UISupportedInterfaceOrientations_iPad = "UIInterfaceOrientationPortrait UIInterfaceOrientationPortraitUpsideDown UIInterfaceOrientationLandscapeLeft UIInterfaceOrientationLandscapeRight";
				INFOPLIST_KEY_UISupportedInterfaceOrientations_iPhone = "UIInterfaceOrientationPortrait UIInterfaceOrientationLandscapeLeft UIInterfaceOrientationLandscapeRight";
				IPHONEOS_DEPLOYMENT_TARGET = 15.0;
				LD_RUNPATH_SEARCH_PATHS = (
					"$(inherited)",
					"@executable_path/Frameworks",
				);
				MARKETING_VERSION = 1.0;
				PRODUCT_BUNDLE_IDENTIFIER = br.com.lucas.iQuiz;
				PRODUCT_NAME = "$(TARGET_NAME)";
				SWIFT_EMIT_LOC_STRINGS = YES;
				SWIFT_VERSION = 5.0;
				TARGETED_DEVICE_FAMILY = "1,2";
			};
			name = Release;
		};
/* End XCBuildConfiguration section */

/* Begin XCConfigurationList section */
		62D044B22AF5C21E00DEBF5D /* Build configuration list for PBXProject "iQuiz" */ = {
			isa = XCConfigurationList;
			buildConfigurations = (
				62D044C92AF5C22000DEBF5D /* Debug */,
				62D044CA2AF5C22000DEBF5D /* Release */,
			);
			defaultConfigurationIsVisible = 0;
			defaultConfigurationName = Release;
		};
		62D044CB2AF5C22000DEBF5D /* Build configuration list for PBXNativeTarget "iQuiz" */ = {
			isa = XCConfigurationList;
			buildConfigurations = (
				62D044CC2AF5C22000DEBF5D /* Debug */,
				62D044CD2AF5C22000DEBF5D /* Release */,
			);
			defaultConfigurationIsVisible = 0;
			defaultConfigurationName = Release;
		};
/* End XCConfigurationList section */
	};
	rootObject = 62D044AF2AF5C21E00DEBF5D /* Project object */;
}
